
Microsoft Visual Studio Solution File, Format Version 12.00
# Visual Studio Version 16
VisualStudioVersion = 16.0.29519.87
MinimumVisualStudioVersion = 10.0.40219.1
Project("{FAE04EC0-301F-11D3-BF4B-00C04F79EFBC}") = "ConsoleApp_Fail", "ConsoleApp_Fail\ConsoleApp_Fail.csproj", "{C2F5D1FE-D205-450B-8C93-A80A0AE9E851}"
EndProject
Project("{FAE04EC0-301F-11D3-BF4B-00C04F79EFBC}") = "ConsoleApp_Success", "ConsoleApp_Success\ConsoleApp_Success.csproj", "{04EC52E5-8CE9-4B51-8391-4DB0EC8A36E9}"
EndProject
Global
	GlobalSection(SolutionConfigurationPlatforms) = preSolution
		Debug|x64 = Debug|x64
		Release|x64 = Release|x64
	EndGlobalSection
	GlobalSection(ProjectConfigurationPlatforms) = postSolution
		{C2F5D1FE-D205-450B-8C93-A80A0AE9E851}.Debug|x64.ActiveCfg = Debug|x64
		{C2F5D1FE-D205-450B-8C93-A80A0AE9E851}.Debug|x64.Build.0 = Debug|x64
		{C2F5D1FE-D205-450B-8C93-A80A0AE9E851}.Release|x64.ActiveCfg = Release|x64
		{C2F5D1FE-D205-450B-8C93-A80A0AE9E851}.Release|x64.Build.0 = Release|x64
		{04EC52E5-8CE9-4B51-8391-4DB0EC8A36E9}.Debug|x64.ActiveCfg = Debug|x64
		{04EC52E5-8CE9-4B51-8391-4DB0EC8A36E9}.Debug|x64.Build.0 = Debug|x64
		{04EC52E5-8CE9-4B51-8391-4DB0EC8A36E9}.Release|x64.ActiveCfg = Release|x64
		{04EC52E5-8CE9-4B51-8391-4DB0EC8A36E9}.Release|x64.Build.0 = Release|x64
	EndGlobalSection
	GlobalSection(SolutionProperties) = preSolution
		HideSolutionNode = FALSE
	EndGlobalSection
	GlobalSection(ExtensibilityGlobals) = postSolution
		SolutionGuid = {62D4645B-B920-4521-9BE5-AB13E1E90683}
	EndGlobalSection
EndGlobal
